
Microsoft Visual Studio Solution File, Format Version 12.00
# Visual Studio Version 17
VisualStudioVersion = 17.5.33516.290
MinimumVisualStudioVersion = 10.0.40219.1
Project("{FAE04EC0-301F-11D3-BF4B-00C04F79EFBC}") = "CirzzarCurr", "CirzzarCurr.csproj", "{46E6A4B8-E1CD-47C4-97D5-91CAB0214EC3}"
EndProject
Global
	GlobalSection(SolutionConfigurationPlatforms) = preSolution
		Debug|Any CPU = Debug|Any CPU
		Release|Any CPU = Release|Any CPU
	EndGlobalSection
	GlobalSection(ProjectConfigurationPlatforms) = postSolution
		{46E6A4B8-E1CD-47C4-97D5-91CAB0214EC3}.Debug|Any CPU.ActiveCfg = Debug|Any CPU
		{46E6A4B8-E1CD-47C4-97D5-91CAB0214EC3}.Debug|Any CPU.Build.0 = Debug|Any CPU
		{46E6A4B8-E1CD-47C4-97D5-91CAB0214EC3}.Release|Any CPU.ActiveCfg = Release|Any CPU
		{46E6A4B8-E1CD-47C4-97D5-91CAB0214EC3}.Release|Any CPU.Build.0 = Release|Any CPU
	EndGlobalSection
	GlobalSection(SolutionProperties) = preSolution
		HideSolutionNode = FALSE
	EndGlobalSection
	GlobalSection(ExtensibilityGlobals) = postSolution
		SolutionGuid = {7298213D-6A8E-4009-A85F-63AA13682978}
	EndGlobalSection
EndGlobal
